
Microsoft Visual Studio Solution File, Format Version 12.00
# Visual Studio 15
VisualStudioVersion = 15.0.26430.16
MinimumVisualStudioVersion = 10.0.40219.1
Project("{FAE04EC0-301F-11D3-BF4B-00C04F79EFBC}") = "MatriculaAluno", "MatriculaAluno\MatriculaAluno.csproj", "{19B915FC-106D-4505-A76A-CE73D1E784CE}"
EndProject
Project("{FAE04EC0-301F-11D3-BF4B-00C04F79EFBC}") = "PesoIdeal", "PesoIdeal\PesoIdeal.csproj", "{5CE13067-0E08-42F4-83C9-D402FC9DDBCD}"
EndProject
Project("{FAE04EC0-301F-11D3-BF4B-00C04F79EFBC}") = "CalculoSalario", "CalculoSalario\CalculoSalario.csproj", "{D2C61E55-C18C-4439-B2ED-04CFDCE91BBE}"
EndProject
Global
	GlobalSection(SolutionConfigurationPlatforms) = preSolution
		Debug|Any CPU = Debug|Any CPU
		Debug|ARM = Debug|ARM
		Debug|x64 = Debug|x64
		Debug|x86 = Debug|x86
		Release|Any CPU = Release|Any CPU
		Release|ARM = Release|ARM
		Release|x64 = Release|x64
		Release|x86 = Release|x86
	EndGlobalSection
	GlobalSection(ProjectConfigurationPlatforms) = postSolution
		{19B915FC-106D-4505-A76A-CE73D1E784CE}.Debug|Any CPU.ActiveCfg = Debug|Any CPU
		{19B915FC-106D-4505-A76A-CE73D1E784CE}.Debug|Any CPU.Build.0 = Debug|Any CPU
		{19B915FC-106D-4505-A76A-CE73D1E784CE}.Debug|ARM.ActiveCfg = Debug|Any CPU
		{19B915FC-106D-4505-A76A-CE73D1E784CE}.Debug|ARM.Build.0 = Debug|Any CPU
		{19B915FC-106D-4505-A76A-CE73D1E784CE}.Debug|x64.ActiveCfg = Debug|Any CPU
		{19B915FC-106D-4505-A76A-CE73D1E784CE}.Debug|x64.Build.0 = Debug|Any CPU
		{19B915FC-106D-4505-A76A-CE73D1E784CE}.Debug|x86.ActiveCfg = Debug|Any CPU
		{19B915FC-106D-4505-A76A-CE73D1E784CE}.Debug|x86.Build.0 = Debug|Any CPU
		{19B915FC-106D-4505-A76A-CE73D1E784CE}.Release|Any CPU.ActiveCfg = Release|Any CPU
		{19B915FC-106D-4505-A76A-CE73D1E784CE}.Release|Any CPU.Build.0 = Release|Any CPU
		{19B915FC-106D-4505-A76A-CE73D1E784CE}.Release|ARM.ActiveCfg = Release|Any CPU
		{19B915FC-106D-4505-A76A-CE73D1E784CE}.Release|ARM.Build.0 = Release|Any CPU
		{19B915FC-106D-4505-A76A-CE73D1E784CE}.Release|x64.ActiveCfg = Release|Any CPU
		{19B915FC-106D-4505-A76A-CE73D1E784CE}.Release|x64.Build.0 = Release|Any CPU
		{19B915FC-106D-4505-A76A-CE73D1E784CE}.Release|x86.ActiveCfg = Release|Any CPU
		{19B915FC-106D-4505-A76A-CE73D1E784CE}.Release|x86.Build.0 = Release|Any CPU
		{5CE13067-0E08-42F4-83C9-D402FC9DDBCD}.Debug|Any CPU.ActiveCfg = Debug|Any CPU
		{5CE13067-0E08-42F4-83C9-D402FC9DDBCD}.Debug|Any CPU.Build.0 = Debug|Any CPU
		{5CE13067-0E08-42F4-83C9-D402FC9DDBCD}.Debug|ARM.ActiveCfg = Debug|Any CPU
		{5CE13067-0E08-42F4-83C9-D402FC9DDBCD}.Debug|ARM.Build.0 = Debug|Any CPU
		{5CE13067-0E08-42F4-83C9-D402FC9DDBCD}.Debug|x64.ActiveCfg = Debug|Any CPU
		{5CE13067-0E08-42F4-83C9-D402FC9DDBCD}.Debug|x64.Build.0 = Debug|Any CPU
		{5CE13067-0E08-42F4-83C9-D402FC9DDBCD}.Debug|x86.ActiveCfg = Debug|Any CPU
		{5CE13067-0E08-42F4-83C9-D402FC9DDBCD}.Debug|x86.Build.0 = Debug|Any CPU
		{5CE13067-0E08-42F4-83C9-D402FC9DDBCD}.Release|Any CPU.ActiveCfg = Release|Any CPU
		{5CE13067-0E08-42F4-83C9-D402FC9DDBCD}.Release|Any CPU.Build.0 = Release|Any CPU
		{5CE13067-0E08-42F4-83C9-D402FC9DDBCD}.Release|ARM.ActiveCfg = Release|Any CPU
		{5CE13067-0E08-42F4-83C9-D402FC9DDBCD}.Release|ARM.Build.0 = Release|Any CPU
		{5CE13067-0E08-42F4-83C9-D402FC9DDBCD}.Release|x64.ActiveCfg = Release|Any CPU
		{5CE13067-0E08-42F4-83C9-D402FC9DDBCD}.Release|x64.Build.0 = Release|Any CPU
		{5CE13067-0E08-42F4-83C9-D402FC9DDBCD}.Release|x86.ActiveCfg = Release|Any CPU
		{5CE13067-0E08-42F4-83C9-D402FC9DDBCD}.Release|x86.Build.0 = Release|Any CPU
		{D2C61E55-C18C-4439-B2ED-04CFDCE91BBE}.Debug|Any CPU.ActiveCfg = Debug|Any CPU
		{D2C61E55-C18C-4439-B2ED-04CFDCE91BBE}.Debug|Any CPU.Build.0 = Debug|Any CPU
		{D2C61E55-C18C-4439-B2ED-04CFDCE91BBE}.Debug|ARM.ActiveCfg = Debug|Any CPU
		{D2C61E55-C18C-4439-B2ED-04CFDCE91BBE}.Debug|ARM.Build.0 = Debug|Any CPU
		{D2C61E55-C18C-4439-B2ED-04CFDCE91BBE}.Debug|x64.ActiveCfg = Debug|Any CPU
		{D2C61E55-C18C-4439-B2ED-04CFDCE91BBE}.Debug|x64.Build.0 = Debug|Any CPU
		{D2C61E55-C18C-4439-B2ED-04CFDCE91BBE}.Debug|x86.ActiveCfg = Debug|Any CPU
		{D2C61E55-C18C-4439-B2ED-04CFDCE91BBE}.Debug|x86.Build.0 = Debug|Any CPU
		{D2C61E55-C18C-4439-B2ED-04CFDCE91BBE}.Release|Any CPU.ActiveCfg = Release|Any CPU
		{D2C61E55-C18C-4439-B2ED-04CFDCE91BBE}.Release|Any CPU.Build.0 = Release|Any CPU
		{D2C61E55-C18C-4439-B2ED-04CFDCE91BBE}.Release|ARM.ActiveCfg = Release|Any CPU
		{D2C61E55-C18C-4439-B2ED-04CFDCE91BBE}.Release|ARM.Build.0 = Release|Any CPU
		{D2C61E55-C18C-4439-B2ED-04CFDCE91BBE}.Release|x64.ActiveCfg = Release|Any CPU
		{D2C61E55-C18C-4439-B2ED-04CFDCE91BBE}.Release|x64.Build.0 = Release|Any CPU
		{D2C61E55-C18C-4439-B2ED-04CFDCE91BBE}.Release|x86.ActiveCfg = Release|Any CPU
		{D2C61E55-C18C-4439-B2ED-04CFDCE91BBE}.Release|x86.Build.0 = Release|Any CPU
	EndGlobalSection
	GlobalSection(SolutionProperties) = preSolution
		HideSolutionNode = FALSE
	EndGlobalSection
EndGlobal
